
Microsoft Visual Studio Solution File, Format Version 12.00
# Visual Studio Version 17
VisualStudioVersion = 17.1.32127.271
MinimumVisualStudioVersion = 10.0.40219.1
Project("{FAE04EC0-301F-11D3-BF4B-00C04F79EFBC}") = "lab19wpf", "wpf_lab19\lab19wpf.csproj", "{2C8AF775-1E01-4DD2-89D4-5603A7E8780D}"
EndProject
Global
	GlobalSection(SolutionConfigurationPlatforms) = preSolution
		Debug|Any CPU = Debug|Any CPU
		Release|Any CPU = Release|Any CPU
	EndGlobalSection
	GlobalSection(ProjectConfigurationPlatforms) = postSolution
		{2C8AF775-1E01-4DD2-89D4-5603A7E8780D}.Debug|Any CPU.ActiveCfg = Debug|Any CPU
		{2C8AF775-1E01-4DD2-89D4-5603A7E8780D}.Debug|Any CPU.Build.0 = Debug|Any CPU
		{2C8AF775-1E01-4DD2-89D4-5603A7E8780D}.Release|Any CPU.ActiveCfg = Release|Any CPU
		{2C8AF775-1E01-4DD2-89D4-5603A7E8780D}.Release|Any CPU.Build.0 = Release|Any CPU
	EndGlobalSection
	GlobalSection(SolutionProperties) = preSolution
		HideSolutionNode = FALSE
	EndGlobalSection
	GlobalSection(ExtensibilityGlobals) = postSolution
		SolutionGuid = {A9FECF9C-F3FB-43F1-BB4E-F0726E11B534}
	EndGlobalSection
EndGlobal
